
Microsoft Visual Studio Solution File, Format Version 12.00
# Visual Studio 15
VisualStudioVersion = 15.0.28307.489
MinimumVisualStudioVersion = 10.0.40219.1
Project("{9A19103F-16F7-4668-BE54-9A1E7A4F7556}") = "kontent-sample-app-conference-net", "kontent-sample-app-conference-net\kontent-sample-app-conference-net.csproj", "{5A3D74E3-067E-42F7-9E6D-F4229CBB3CFA}"
EndProject
Project("{E53339B2-1760-4266-BCC7-CA923CBCF16C}") = "docker-compose", "docker-compose.dcproj", "{CEFE5A51-031F-4578-938D-D60238CB09BC}"
EndProject
Global
	GlobalSection(SolutionConfigurationPlatforms) = preSolution
		Debug|Any CPU = Debug|Any CPU
		Release|Any CPU = Release|Any CPU
	EndGlobalSection
	GlobalSection(ProjectConfigurationPlatforms) = postSolution
		{5A3D74E3-067E-42F7-9E6D-F4229CBB3CFA}.Debug|Any CPU.ActiveCfg = Debug|Any CPU
		{5A3D74E3-067E-42F7-9E6D-F4229CBB3CFA}.Debug|Any CPU.Build.0 = Debug|Any CPU
		{5A3D74E3-067E-42F7-9E6D-F4229CBB3CFA}.Release|Any CPU.ActiveCfg = Release|Any CPU
		{5A3D74E3-067E-42F7-9E6D-F4229CBB3CFA}.Release|Any CPU.Build.0 = Release|Any CPU
		{CEFE5A51-031F-4578-938D-D60238CB09BC}.Debug|Any CPU.ActiveCfg = Debug|Any CPU
		{CEFE5A51-031F-4578-938D-D60238CB09BC}.Debug|Any CPU.Build.0 = Debug|Any CPU
		{CEFE5A51-031F-4578-938D-D60238CB09BC}.Release|Any CPU.ActiveCfg = Release|Any CPU
		{CEFE5A51-031F-4578-938D-D60238CB09BC}.Release|Any CPU.Build.0 = Release|Any CPU
	EndGlobalSection
	GlobalSection(SolutionProperties) = preSolution
		HideSolutionNode = FALSE
	EndGlobalSection
	GlobalSection(ExtensibilityGlobals) = postSolution
		SolutionGuid = {335DFFFF-D39C-4997-A542-44C5C1D02527}
	EndGlobalSection
EndGlobal
